{
  "name": "proyecto",
  "version": "1.0.0",
  "lockfileVersion": 2,
  "requires": true,
  "packages": {
    "": {
      "name": "proyecto",
      "version": "1.0.0",
      "license": "ISC",
      "dependencies": {
        "moment": "^2.29.1",
        "zodiac-signs": "^1.1.0"
      }
    },
    "node_modules/moment": {
      "version": "2.29.1",
      "resolved": "https://registry.npmjs.org/moment/-/moment-2.29.1.tgz",
      "integrity": "sha512-kHmoybcPV8Sqy59DwNDY3Jefr64lK/by/da0ViFcuA4DH0vQg5Q6Ze5VimxkfQNSC+Mls/Kx53s7TjP1RhFEDQ==",
      "engines": {
        "node": "*"
      }
    },
    "node_modules/zodiac-signs": {
      "version": "1.1.0",
      "resolved": "https://registry.npmjs.org/zodiac-signs/-/zodiac-signs-1.1.0.tgz",
      "integrity": "sha512-syyPxFcF5CnSmfXw1DU3NEUt7Pk3gccOCNBhEtEyJB0VTySge6o21F+K38YfqcM5mkD59DLuxFB8/vzZ7E1vKQ=="
    }
  },
  "dependencies": {
    "moment": {
      "version": "2.29.1",
      "resolved": "https://registry.npmjs.org/moment/-/moment-2.29.1.tgz",
      "integrity": "sha512-kHmoybcPV8Sqy59DwNDY3Jefr64lK/by/da0ViFcuA4DH0vQg5Q6Ze5VimxkfQNSC+Mls/Kx53s7TjP1RhFEDQ=="
    },
    "zodiac-signs": {
      "version": "1.1.0",
      "resolved": "https://registry.npmjs.org/zodiac-signs/-/zodiac-signs-1.1.0.tgz",
      "integrity": "sha512-syyPxFcF5CnSmfXw1DU3NEUt7Pk3gccOCNBhEtEyJB0VTySge6o21F+K38YfqcM5mkD59DLuxFB8/vzZ7E1vKQ=="
    }
  }
}
